
Microsoft Visual Studio Solution File, Format Version 12.00
# Visual Studio Version 16
VisualStudioVersion = 16.0.31112.23
MinimumVisualStudioVersion = 10.0.40219.1
Project("{2150E333-8FDC-42A3-9474-1A3956D46DE8}") = "Services", "Services", "{91DD373A-6909-47E5-A1C0-57803081DF66}"
EndProject
Project("{FAE04EC0-301F-11D3-BF4B-00C04F79EFBC}") = "Contact.API", "Services\ContactAPI\Contact.API\Contact.API.csproj", "{CD7D5E91-176C-495A-A393-EAD55DB59191}"
EndProject
Project("{FAE04EC0-301F-11D3-BF4B-00C04F79EFBC}") = "Reservation.API", "Services\ResAPI\Reservation.API\Reservation.API.csproj", "{191851B9-411A-433C-8C2D-1CEF696C11C4}"
EndProject
Project("{2150E333-8FDC-42A3-9474-1A3956D46DE8}") = "ContactAPI", "ContactAPI", "{B59D0126-0C93-42A2-95C1-4C8528FFE3C7}"
EndProject
Project("{2150E333-8FDC-42A3-9474-1A3956D46DE8}") = "ResAPI", "ResAPI", "{33392C64-BE18-4036-9FEE-1ACDED8EA956}"
EndProject
Project("{FAE04EC0-301F-11D3-BF4B-00C04F79EFBC}") = "Contact.API.Infrastructure", "Services\ContactAPI\Contact.API.Infrastructure\Contact.API.Infrastructure.csproj", "{9C0D4C73-3A1E-44E7-BFB9-958CB33CDE5F}"
EndProject
Project("{FAE04EC0-301F-11D3-BF4B-00C04F79EFBC}") = "Contact.API.Models", "Services\ContactAPI\Contact.API.Models\Contact.API.Models.csproj", "{DA3F9A98-2C7F-4CF2-84B6-A9753FF43F8B}"
EndProject
Project("{FAE04EC0-301F-11D3-BF4B-00C04F79EFBC}") = "Contact.API.Services", "Services\ContactAPI\Contact.API.Services\Contact.API.Services.csproj", "{13E6191A-DF5B-419B-AAE5-F741C9F62DEC}"
EndProject
Project("{FAE04EC0-301F-11D3-BF4B-00C04F79EFBC}") = "Reservation.API.Infrastructure", "Services\ResAPI\Reservation.API.Infrastructure\Reservation.API.Infrastructure.csproj", "{42EF7265-DBF5-4111-B3C8-007A4C48ACE6}"
EndProject
Project("{FAE04EC0-301F-11D3-BF4B-00C04F79EFBC}") = "Reservation.API.Models", "Services\ResAPI\Reservation.API.Models\Reservation.API.Models.csproj", "{2D7EE513-43D9-4848-86F0-A47EE2B6AC02}"
EndProject
Project("{FAE04EC0-301F-11D3-BF4B-00C04F79EFBC}") = "Reservation.API.Services", "Services\ResAPI\Reservation.API.Services\Reservation.API.Services.csproj", "{E3A177D0-12E4-453C-A480-9A9922324123}"
EndProject
Project("{FAE04EC0-301F-11D3-BF4B-00C04F79EFBC}") = "APIGateway", "APIGateway\APIGateway\APIGateway.csproj", "{3B1919C1-DF37-4E9F-B827-EDE4EF40AEED}"
EndProject
Global
	GlobalSection(SolutionConfigurationPlatforms) = preSolution
		Debug|Any CPU = Debug|Any CPU
		Release|Any CPU = Release|Any CPU
	EndGlobalSection
	GlobalSection(ProjectConfigurationPlatforms) = postSolution
		{CD7D5E91-176C-495A-A393-EAD55DB59191}.Debug|Any CPU.ActiveCfg = Debug|Any CPU
		{CD7D5E91-176C-495A-A393-EAD55DB59191}.Debug|Any CPU.Build.0 = Debug|Any CPU
		{CD7D5E91-176C-495A-A393-EAD55DB59191}.Release|Any CPU.ActiveCfg = Release|Any CPU
		{CD7D5E91-176C-495A-A393-EAD55DB59191}.Release|Any CPU.Build.0 = Release|Any CPU
		{191851B9-411A-433C-8C2D-1CEF696C11C4}.Debug|Any CPU.ActiveCfg = Debug|Any CPU
		{191851B9-411A-433C-8C2D-1CEF696C11C4}.Debug|Any CPU.Build.0 = Debug|Any CPU
		{191851B9-411A-433C-8C2D-1CEF696C11C4}.Release|Any CPU.ActiveCfg = Release|Any CPU
		{191851B9-411A-433C-8C2D-1CEF696C11C4}.Release|Any CPU.Build.0 = Release|Any CPU
		{9C0D4C73-3A1E-44E7-BFB9-958CB33CDE5F}.Debug|Any CPU.ActiveCfg = Debug|Any CPU
		{9C0D4C73-3A1E-44E7-BFB9-958CB33CDE5F}.Debug|Any CPU.Build.0 = Debug|Any CPU
		{9C0D4C73-3A1E-44E7-BFB9-958CB33CDE5F}.Release|Any CPU.ActiveCfg = Release|Any CPU
		{9C0D4C73-3A1E-44E7-BFB9-958CB33CDE5F}.Release|Any CPU.Build.0 = Release|Any CPU
		{DA3F9A98-2C7F-4CF2-84B6-A9753FF43F8B}.Debug|Any CPU.ActiveCfg = Debug|Any CPU
		{DA3F9A98-2C7F-4CF2-84B6-A9753FF43F8B}.Debug|Any CPU.Build.0 = Debug|Any CPU
		{DA3F9A98-2C7F-4CF2-84B6-A9753FF43F8B}.Release|Any CPU.ActiveCfg = Release|Any CPU
		{DA3F9A98-2C7F-4CF2-84B6-A9753FF43F8B}.Release|Any CPU.Build.0 = Release|Any CPU
		{13E6191A-DF5B-419B-AAE5-F741C9F62DEC}.Debug|Any CPU.ActiveCfg = Debug|Any CPU
		{13E6191A-DF5B-419B-AAE5-F741C9F62DEC}.Debug|Any CPU.Build.0 = Debug|Any CPU
		{13E6191A-DF5B-419B-AAE5-F741C9F62DEC}.Release|Any CPU.ActiveCfg = Release|Any CPU
		{13E6191A-DF5B-419B-AAE5-F741C9F62DEC}.Release|Any CPU.Build.0 = Release|Any CPU
		{42EF7265-DBF5-4111-B3C8-007A4C48ACE6}.Debug|Any CPU.ActiveCfg = Debug|Any CPU
		{42EF7265-DBF5-4111-B3C8-007A4C48ACE6}.Debug|Any CPU.Build.0 = Debug|Any CPU
		{42EF7265-DBF5-4111-B3C8-007A4C48ACE6}.Release|Any CPU.ActiveCfg = Release|Any CPU
		{42EF7265-DBF5-4111-B3C8-007A4C48ACE6}.Release|Any CPU.Build.0 = Release|Any CPU
		{2D7EE513-43D9-4848-86F0-A47EE2B6AC02}.Debug|Any CPU.ActiveCfg = Debug|Any CPU
		{2D7EE513-43D9-4848-86F0-A47EE2B6AC02}.Debug|Any CPU.Build.0 = Debug|Any CPU
		{2D7EE513-43D9-4848-86F0-A47EE2B6AC02}.Release|Any CPU.ActiveCfg = Release|Any CPU
		{2D7EE513-43D9-4848-86F0-A47EE2B6AC02}.Release|Any CPU.Build.0 = Release|Any CPU
		{E3A177D0-12E4-453C-A480-9A9922324123}.Debug|Any CPU.ActiveCfg = Debug|Any CPU
		{E3A177D0-12E4-453C-A480-9A9922324123}.Debug|Any CPU.Build.0 = Debug|Any CPU
		{E3A177D0-12E4-453C-A480-9A9922324123}.Release|Any CPU.ActiveCfg = Release|Any CPU
		{E3A177D0-12E4-453C-A480-9A9922324123}.Release|Any CPU.Build.0 = Release|Any CPU
		{3B1919C1-DF37-4E9F-B827-EDE4EF40AEED}.Debug|Any CPU.ActiveCfg = Debug|Any CPU
		{3B1919C1-DF37-4E9F-B827-EDE4EF40AEED}.Debug|Any CPU.Build.0 = Debug|Any CPU
		{3B1919C1-DF37-4E9F-B827-EDE4EF40AEED}.Release|Any CPU.ActiveCfg = Release|Any CPU
		{3B1919C1-DF37-4E9F-B827-EDE4EF40AEED}.Release|Any CPU.Build.0 = Release|Any CPU
	EndGlobalSection
	GlobalSection(SolutionProperties) = preSolution
		HideSolutionNode = FALSE
	EndGlobalSection
	GlobalSection(NestedProjects) = preSolution
		{CD7D5E91-176C-495A-A393-EAD55DB59191} = {B59D0126-0C93-42A2-95C1-4C8528FFE3C7}
		{191851B9-411A-433C-8C2D-1CEF696C11C4} = {33392C64-BE18-4036-9FEE-1ACDED8EA956}
		{B59D0126-0C93-42A2-95C1-4C8528FFE3C7} = {91DD373A-6909-47E5-A1C0-57803081DF66}
		{33392C64-BE18-4036-9FEE-1ACDED8EA956} = {91DD373A-6909-47E5-A1C0-57803081DF66}
		{9C0D4C73-3A1E-44E7-BFB9-958CB33CDE5F} = {B59D0126-0C93-42A2-95C1-4C8528FFE3C7}
		{DA3F9A98-2C7F-4CF2-84B6-A9753FF43F8B} = {B59D0126-0C93-42A2-95C1-4C8528FFE3C7}
		{13E6191A-DF5B-419B-AAE5-F741C9F62DEC} = {B59D0126-0C93-42A2-95C1-4C8528FFE3C7}
		{42EF7265-DBF5-4111-B3C8-007A4C48ACE6} = {33392C64-BE18-4036-9FEE-1ACDED8EA956}
		{2D7EE513-43D9-4848-86F0-A47EE2B6AC02} = {33392C64-BE18-4036-9FEE-1ACDED8EA956}
		{E3A177D0-12E4-453C-A480-9A9922324123} = {33392C64-BE18-4036-9FEE-1ACDED8EA956}
	EndGlobalSection
	GlobalSection(ExtensibilityGlobals) = postSolution
		SolutionGuid = {DBC8351C-8718-4458-A4A6-83AD82C22F18}
	EndGlobalSection
EndGlobal
